
Microsoft Visual Studio Solution File, Format Version 12.00
# Visual Studio 15
VisualStudioVersion = 15.0.26730.3
MinimumVisualStudioVersion = 10.0.40219.1
Project("{FAE04EC0-301F-11D3-BF4B-00C04F79EFBC}") = "ServerMonitor", "ServerMonitor\ServerMonitor.csproj", "{757B4B84-2BB7-4E45-AB5C-212631385C84}"
EndProject
Project("{FAE04EC0-301F-11D3-BF4B-00C04F79EFBC}") = "ServerReporter", "ServerReporter\ServerReporter.csproj", "{6B214586-4D50-494A-AAC5-348BD2A681A9}"
EndProject
Global
	GlobalSection(SolutionConfigurationPlatforms) = preSolution
		Debug|Any CPU = Debug|Any CPU
		Release|Any CPU = Release|Any CPU
	EndGlobalSection
	GlobalSection(ProjectConfigurationPlatforms) = postSolution
		{757B4B84-2BB7-4E45-AB5C-212631385C84}.Debug|Any CPU.ActiveCfg = Debug|Any CPU
		{757B4B84-2BB7-4E45-AB5C-212631385C84}.Debug|Any CPU.Build.0 = Debug|Any CPU
		{757B4B84-2BB7-4E45-AB5C-212631385C84}.Release|Any CPU.ActiveCfg = Release|Any CPU
		{757B4B84-2BB7-4E45-AB5C-212631385C84}.Release|Any CPU.Build.0 = Release|Any CPU
		{6B214586-4D50-494A-AAC5-348BD2A681A9}.Debug|Any CPU.ActiveCfg = Debug|Any CPU
		{6B214586-4D50-494A-AAC5-348BD2A681A9}.Debug|Any CPU.Build.0 = Debug|Any CPU
		{6B214586-4D50-494A-AAC5-348BD2A681A9}.Release|Any CPU.ActiveCfg = Release|Any CPU
		{6B214586-4D50-494A-AAC5-348BD2A681A9}.Release|Any CPU.Build.0 = Release|Any CPU
	EndGlobalSection
	GlobalSection(SolutionProperties) = preSolution
		HideSolutionNode = FALSE
	EndGlobalSection
	GlobalSection(ExtensibilityGlobals) = postSolution
		SolutionGuid = {0A2C79BE-58FC-490C-AFA6-8A99668BE647}
	EndGlobalSection
EndGlobal
